# This file is automatically @generated by Cargo.
# It is not intended for manual editing.
version = 4

[[package]]
name = "base64"
version = "0.21.7"
source = "registry+https://github.com/rust-lang/crates.io-index"
checksum = "9d297deb1925b89f2ccc13d7635fa0714f12c87adce1c75356b39ca9b7178567"

[[package]]
name = "quickxorhash"
version = "0.1.0"
source = "registry+https://github.com/rust-lang/crates.io-index"
checksum = "14d2e01846404baf1fb7339cc2ec5d2dfe592901293ab0c505e8d819d91fe686"

[[package]]
name = "quickxorhash-rust"
version = "0.1.0"
dependencies = [
 "base64",
 "quickxorhash",
]
